
Microsoft Visual Studio Solution File, Format Version 12.00
# Visual Studio Version 17
VisualStudioVersion = 17.7.34031.279
MinimumVisualStudioVersion = 10.0.40219.1
Project("{9A19103F-16F7-4668-BE54-9A1E7A4F7556}") = "Day1", "AOC2020\Day1.csproj", "{1A45E82D-95B1-402C-805E-5F7C5EF11AD1}"
EndProject
Project("{9A19103F-16F7-4668-BE54-9A1E7A4F7556}") = "Day2", "Day2\Day2.csproj", "{1D9FFB58-658B-45A1-92A7-A3A189934D4C}"
EndProject
Project("{9A19103F-16F7-4668-BE54-9A1E7A4F7556}") = "Day3", "Day3\Day3.csproj", "{CE6DC682-3D7E-4749-A132-A54FBB8308D1}"
EndProject
Project("{9A19103F-16F7-4668-BE54-9A1E7A4F7556}") = "Day4", "Day4\Day4.csproj", "{1A8AA855-731D-42B3-B1B0-C84F1891F166}"
EndProject
Project("{9A19103F-16F7-4668-BE54-9A1E7A4F7556}") = "Day5", "Day5\Day5.csproj", "{29D0634E-54AB-4AC5-9C76-46634ADAE5A4}"
EndProject
Project("{9A19103F-16F7-4668-BE54-9A1E7A4F7556}") = "Day6", "Day6\Day6.csproj", "{DE80DBA0-3963-41A7-962A-4689C46BC149}"
EndProject
Project("{9A19103F-16F7-4668-BE54-9A1E7A4F7556}") = "Day7", "Day7\Day7.csproj", "{6C7E48A4-47F1-48C7-BD1B-F1C3D90474E7}"
EndProject
Project("{9A19103F-16F7-4668-BE54-9A1E7A4F7556}") = "Day8", "Day8\Day8.csproj", "{6A3360A7-8F62-44FF-AD6F-D1E47CE01783}"
EndProject
Project("{9A19103F-16F7-4668-BE54-9A1E7A4F7556}") = "Day9", "Day9\Day9.csproj", "{E54EDF43-7F94-4A9D-9B5F-D25BBF7BD862}"
EndProject
Project("{9A19103F-16F7-4668-BE54-9A1E7A4F7556}") = "Day10", "Day10\Day10.csproj", "{82AE15B1-CC92-4F0F-A112-CB92AE0B927C}"
EndProject
Project("{9A19103F-16F7-4668-BE54-9A1E7A4F7556}") = "Day11", "Day11\Day11.csproj", "{00B445DC-0CF2-468E-B4F2-23CEC683AC5D}"
EndProject
Project("{9A19103F-16F7-4668-BE54-9A1E7A4F7556}") = "Day12", "Day12\Day12.csproj", "{86A95051-C275-45D0-B8A9-57A666E23472}"
EndProject
Project("{9A19103F-16F7-4668-BE54-9A1E7A4F7556}") = "Day13", "Day13\Day13.csproj", "{3595D5FF-A73A-4F57-ADCF-825D75B379F0}"
EndProject
Project("{9A19103F-16F7-4668-BE54-9A1E7A4F7556}") = "Day14", "Day14\Day14.csproj", "{2DCBBF46-2B52-40FA-A9C1-2131227C5D5D}"
EndProject
Project("{9A19103F-16F7-4668-BE54-9A1E7A4F7556}") = "Day15", "Day15\Day15.csproj", "{F1629DB0-02CA-417A-ABFE-F02F5AF03F51}"
EndProject
Project("{9A19103F-16F7-4668-BE54-9A1E7A4F7556}") = "Day16", "Day16\Day16.csproj", "{E82F1A19-7EAE-4F04-989E-269B65E48896}"
EndProject
Project("{9A19103F-16F7-4668-BE54-9A1E7A4F7556}") = "Day17", "Day17\Day17.csproj", "{71576CAD-9632-4291-8F7B-8521CC09FC93}"
EndProject
Project("{9A19103F-16F7-4668-BE54-9A1E7A4F7556}") = "Day18", "Day18\Day18.csproj", "{00904AA8-56A8-468D-AC09-AFF87EAA3712}"
EndProject
Project("{9A19103F-16F7-4668-BE54-9A1E7A4F7556}") = "Day19", "Day19\Day19.csproj", "{D345BA55-57DB-47CB-9C21-5E8720247F86}"
EndProject
Project("{FAE04EC0-301F-11D3-BF4B-00C04F79EFBC}") = "Day22", "Day22\Day22.csproj", "{0BE7EDBE-09CA-44FF-8CAA-719959C4F960}"
EndProject
Global
	GlobalSection(SolutionConfigurationPlatforms) = preSolution
		Debug|Any CPU = Debug|Any CPU
		Release|Any CPU = Release|Any CPU
	EndGlobalSection
	GlobalSection(ProjectConfigurationPlatforms) = postSolution
		{1A45E82D-95B1-402C-805E-5F7C5EF11AD1}.Debug|Any CPU.ActiveCfg = Debug|Any CPU
		{1A45E82D-95B1-402C-805E-5F7C5EF11AD1}.Debug|Any CPU.Build.0 = Debug|Any CPU
		{1A45E82D-95B1-402C-805E-5F7C5EF11AD1}.Release|Any CPU.ActiveCfg = Release|Any CPU
		{1A45E82D-95B1-402C-805E-5F7C5EF11AD1}.Release|Any CPU.Build.0 = Release|Any CPU
		{1D9FFB58-658B-45A1-92A7-A3A189934D4C}.Debug|Any CPU.ActiveCfg = Debug|Any CPU
		{1D9FFB58-658B-45A1-92A7-A3A189934D4C}.Debug|Any CPU.Build.0 = Debug|Any CPU
		{1D9FFB58-658B-45A1-92A7-A3A189934D4C}.Release|Any CPU.ActiveCfg = Release|Any CPU
		{1D9FFB58-658B-45A1-92A7-A3A189934D4C}.Release|Any CPU.Build.0 = Release|Any CPU
		{CE6DC682-3D7E-4749-A132-A54FBB8308D1}.Debug|Any CPU.ActiveCfg = Debug|Any CPU
		{CE6DC682-3D7E-4749-A132-A54FBB8308D1}.Debug|Any CPU.Build.0 = Debug|Any CPU
		{CE6DC682-3D7E-4749-A132-A54FBB8308D1}.Release|Any CPU.ActiveCfg = Release|Any CPU
		{CE6DC682-3D7E-4749-A132-A54FBB8308D1}.Release|Any CPU.Build.0 = Release|Any CPU
		{1A8AA855-731D-42B3-B1B0-C84F1891F166}.Debug|Any CPU.ActiveCfg = Debug|Any CPU
		{1A8AA855-731D-42B3-B1B0-C84F1891F166}.Debug|Any CPU.Build.0 = Debug|Any CPU
		{1A8AA855-731D-42B3-B1B0-C84F1891F166}.Release|Any CPU.ActiveCfg = Release|Any CPU
		{1A8AA855-731D-42B3-B1B0-C84F1891F166}.Release|Any CPU.Build.0 = Release|Any CPU
		{29D0634E-54AB-4AC5-9C76-46634ADAE5A4}.Debug|Any CPU.ActiveCfg = Debug|Any CPU
		{29D0634E-54AB-4AC5-9C76-46634ADAE5A4}.Debug|Any CPU.Build.0 = Debug|Any CPU
		{29D0634E-54AB-4AC5-9C76-46634ADAE5A4}.Release|Any CPU.ActiveCfg = Release|Any CPU
		{29D0634E-54AB-4AC5-9C76-46634ADAE5A4}.Release|Any CPU.Build.0 = Release|Any CPU
		{DE80DBA0-3963-41A7-962A-4689C46BC149}.Debug|Any CPU.ActiveCfg = Debug|Any CPU
		{DE80DBA0-3963-41A7-962A-4689C46BC149}.Debug|Any CPU.Build.0 = Debug|Any CPU
		{DE80DBA0-3963-41A7-962A-4689C46BC149}.Release|Any CPU.ActiveCfg = Release|Any CPU
		{DE80DBA0-3963-41A7-962A-4689C46BC149}.Release|Any CPU.Build.0 = Release|Any CPU
		{6C7E48A4-47F1-48C7-BD1B-F1C3D90474E7}.Debug|Any CPU.ActiveCfg = Debug|Any CPU
		{6C7E48A4-47F1-48C7-BD1B-F1C3D90474E7}.Debug|Any CPU.Build.0 = Debug|Any CPU
		{6C7E48A4-47F1-48C7-BD1B-F1C3D90474E7}.Release|Any CPU.ActiveCfg = Release|Any CPU
		{6C7E48A4-47F1-48C7-BD1B-F1C3D90474E7}.Release|Any CPU.Build.0 = Release|Any CPU
		{6A3360A7-8F62-44FF-AD6F-D1E47CE01783}.Debug|Any CPU.ActiveCfg = Debug|Any CPU
		{6A3360A7-8F62-44FF-AD6F-D1E47CE01783}.Debug|Any CPU.Build.0 = Debug|Any CPU
		{6A3360A7-8F62-44FF-AD6F-D1E47CE01783}.Release|Any CPU.ActiveCfg = Release|Any CPU
		{6A3360A7-8F62-44FF-AD6F-D1E47CE01783}.Release|Any CPU.Build.0 = Release|Any CPU
		{E54EDF43-7F94-4A9D-9B5F-D25BBF7BD862}.Debug|Any CPU.ActiveCfg = Debug|Any CPU
		{E54EDF43-7F94-4A9D-9B5F-D25BBF7BD862}.Debug|Any CPU.Build.0 = Debug|Any CPU
		{E54EDF43-7F94-4A9D-9B5F-D25BBF7BD862}.Release|Any CPU.ActiveCfg = Release|Any CPU
		{E54EDF43-7F94-4A9D-9B5F-D25BBF7BD862}.Release|Any CPU.Build.0 = Release|Any CPU
		{82AE15B1-CC92-4F0F-A112-CB92AE0B927C}.Debug|Any CPU.ActiveCfg = Debug|Any CPU
		{82AE15B1-CC92-4F0F-A112-CB92AE0B927C}.Debug|Any CPU.Build.0 = Debug|Any CPU
		{82AE15B1-CC92-4F0F-A112-CB92AE0B927C}.Release|Any CPU.ActiveCfg = Release|Any CPU
		{82AE15B1-CC92-4F0F-A112-CB92AE0B927C}.Release|Any CPU.Build.0 = Release|Any CPU
		{00B445DC-0CF2-468E-B4F2-23CEC683AC5D}.Debug|Any CPU.ActiveCfg = Debug|Any CPU
		{00B445DC-0CF2-468E-B4F2-23CEC683AC5D}.Debug|Any CPU.Build.0 = Debug|Any CPU
		{00B445DC-0CF2-468E-B4F2-23CEC683AC5D}.Release|Any CPU.ActiveCfg = Release|Any CPU
		{00B445DC-0CF2-468E-B4F2-23CEC683AC5D}.Release|Any CPU.Build.0 = Release|Any CPU
		{86A95051-C275-45D0-B8A9-57A666E23472}.Debug|Any CPU.ActiveCfg = Debug|Any CPU
		{86A95051-C275-45D0-B8A9-57A666E23472}.Debug|Any CPU.Build.0 = Debug|Any CPU
		{86A95051-C275-45D0-B8A9-57A666E23472}.Release|Any CPU.ActiveCfg = Release|Any CPU
		{86A95051-C275-45D0-B8A9-57A666E23472}.Release|Any CPU.Build.0 = Release|Any CPU
		{3595D5FF-A73A-4F57-ADCF-825D75B379F0}.Debug|Any CPU.ActiveCfg = Debug|Any CPU
		{3595D5FF-A73A-4F57-ADCF-825D75B379F0}.Debug|Any CPU.Build.0 = Debug|Any CPU
		{3595D5FF-A73A-4F57-ADCF-825D75B379F0}.Release|Any CPU.ActiveCfg = Release|Any CPU
		{3595D5FF-A73A-4F57-ADCF-825D75B379F0}.Release|Any CPU.Build.0 = Release|Any CPU
		{2DCBBF46-2B52-40FA-A9C1-2131227C5D5D}.Debug|Any CPU.ActiveCfg = Debug|Any CPU
		{2DCBBF46-2B52-40FA-A9C1-2131227C5D5D}.Debug|Any CPU.Build.0 = Debug|Any CPU
		{2DCBBF46-2B52-40FA-A9C1-2131227C5D5D}.Release|Any CPU.ActiveCfg = Release|Any CPU
		{2DCBBF46-2B52-40FA-A9C1-2131227C5D5D}.Release|Any CPU.Build.0 = Release|Any CPU
		{F1629DB0-02CA-417A-ABFE-F02F5AF03F51}.Debug|Any CPU.ActiveCfg = Debug|Any CPU
		{F1629DB0-02CA-417A-ABFE-F02F5AF03F51}.Debug|Any CPU.Build.0 = Debug|Any CPU
		{F1629DB0-02CA-417A-ABFE-F02F5AF03F51}.Release|Any CPU.ActiveCfg = Release|Any CPU
		{F1629DB0-02CA-417A-ABFE-F02F5AF03F51}.Release|Any CPU.Build.0 = Release|Any CPU
		{E82F1A19-7EAE-4F04-989E-269B65E48896}.Debug|Any CPU.ActiveCfg = Debug|Any CPU
		{E82F1A19-7EAE-4F04-989E-269B65E48896}.Debug|Any CPU.Build.0 = Debug|Any CPU
		{E82F1A19-7EAE-4F04-989E-269B65E48896}.Release|Any CPU.ActiveCfg = Release|Any CPU
		{E82F1A19-7EAE-4F04-989E-269B65E48896}.Release|Any CPU.Build.0 = Release|Any CPU
		{71576CAD-9632-4291-8F7B-8521CC09FC93}.Debug|Any CPU.ActiveCfg = Debug|Any CPU
		{71576CAD-9632-4291-8F7B-8521CC09FC93}.Debug|Any CPU.Build.0 = Debug|Any CPU
		{71576CAD-9632-4291-8F7B-8521CC09FC93}.Release|Any CPU.ActiveCfg = Release|Any CPU
		{71576CAD-9632-4291-8F7B-8521CC09FC93}.Release|Any CPU.Build.0 = Release|Any CPU
		{00904AA8-56A8-468D-AC09-AFF87EAA3712}.Debug|Any CPU.ActiveCfg = Debug|Any CPU
		{00904AA8-56A8-468D-AC09-AFF87EAA3712}.Debug|Any CPU.Build.0 = Debug|Any CPU
		{00904AA8-56A8-468D-AC09-AFF87EAA3712}.Release|Any CPU.ActiveCfg = Release|Any CPU
		{00904AA8-56A8-468D-AC09-AFF87EAA3712}.Release|Any CPU.Build.0 = Release|Any CPU
		{D345BA55-57DB-47CB-9C21-5E8720247F86}.Debug|Any CPU.ActiveCfg = Debug|Any CPU
		{D345BA55-57DB-47CB-9C21-5E8720247F86}.Debug|Any CPU.Build.0 = Debug|Any CPU
		{D345BA55-57DB-47CB-9C21-5E8720247F86}.Release|Any CPU.ActiveCfg = Release|Any CPU
		{D345BA55-57DB-47CB-9C21-5E8720247F86}.Release|Any CPU.Build.0 = Release|Any CPU
		{0BE7EDBE-09CA-44FF-8CAA-719959C4F960}.Debug|Any CPU.ActiveCfg = Debug|Any CPU
		{0BE7EDBE-09CA-44FF-8CAA-719959C4F960}.Debug|Any CPU.Build.0 = Debug|Any CPU
		{0BE7EDBE-09CA-44FF-8CAA-719959C4F960}.Release|Any CPU.ActiveCfg = Release|Any CPU
		{0BE7EDBE-09CA-44FF-8CAA-719959C4F960}.Release|Any CPU.Build.0 = Release|Any CPU
	EndGlobalSection
	GlobalSection(SolutionProperties) = preSolution
		HideSolutionNode = FALSE
	EndGlobalSection
	GlobalSection(ExtensibilityGlobals) = postSolution
		SolutionGuid = {DD89A752-86BF-4C8F-BCAB-58FAFC4AF128}
	EndGlobalSection
EndGlobal
